
Microsoft Visual Studio Solution File, Format Version 12.00
# Visual Studio Version 17
VisualStudioVersion = 17.6.33815.320
MinimumVisualStudioVersion = 10.0.40219.1
Project("{FAE04EC0-301F-11D3-BF4B-00C04F79EFBC}") = "WebStoreApi_CS", "WebStoreApi_CS\WebStoreApi_CS.csproj", "{40DA2DBA-F79C-4ACA-8BA0-16B08A7102C6}"
EndProject
Global
	GlobalSection(SolutionConfigurationPlatforms) = preSolution
		Debug|Any CPU = Debug|Any CPU
		Release|Any CPU = Release|Any CPU
	EndGlobalSection
	GlobalSection(ProjectConfigurationPlatforms) = postSolution
		{40DA2DBA-F79C-4ACA-8BA0-16B08A7102C6}.Debug|Any CPU.ActiveCfg = Debug|Any CPU
		{40DA2DBA-F79C-4ACA-8BA0-16B08A7102C6}.Debug|Any CPU.Build.0 = Debug|Any CPU
		{40DA2DBA-F79C-4ACA-8BA0-16B08A7102C6}.Release|Any CPU.ActiveCfg = Release|Any CPU
		{40DA2DBA-F79C-4ACA-8BA0-16B08A7102C6}.Release|Any CPU.Build.0 = Release|Any CPU
	EndGlobalSection
	GlobalSection(SolutionProperties) = preSolution
		HideSolutionNode = FALSE
	EndGlobalSection
	GlobalSection(ExtensibilityGlobals) = postSolution
		SolutionGuid = {5A842915-38E4-40F6-B3CE-08FC18A733D3}
	EndGlobalSection
EndGlobal
